schema: '2.0'
stages:
  build_activities:
    cmd: python 1_activity_embeddings_tfds.py
    deps:
    - path: src/1_activity_embeddings_tfds.py
      md5: 62efa29d4bed8b7189f39f191e85ec8f
      size: 4040
    outs:
    - path: cache/tfdatasets/activity_embedding
      md5: 631371d0f5e82c940de7d49457ac1745.dir
      size: 18965971414
      nfiles: 3
